
Microsoft Visual Studio Solution File, Format Version 12.00
# Visual Studio Version 16
VisualStudioVersion = 16.0.29418.71
MinimumVisualStudioVersion = 10.0.40219.1
Project("{FAE04EC0-301F-11D3-BF4B-00C04F79EFBC}") = "Demo with Circles and Squares", "WpfApp1\Demo with Circles and Squares.csproj", "{DD21B04E-194F-4CF2-AC37-0CBA2863461D}"
EndProject
Global
	GlobalSection(SolutionConfigurationPlatforms) = preSolution
		Debug|Any CPU = Debug|Any CPU
		Release|Any CPU = Release|Any CPU
	EndGlobalSection
	GlobalSection(ProjectConfigurationPlatforms) = postSolution
		{DD21B04E-194F-4CF2-AC37-0CBA2863461D}.Debug|Any CPU.ActiveCfg = Debug|Any CPU
		{DD21B04E-194F-4CF2-AC37-0CBA2863461D}.Debug|Any CPU.Build.0 = Debug|Any CPU
		{DD21B04E-194F-4CF2-AC37-0CBA2863461D}.Release|Any CPU.ActiveCfg = Release|Any CPU
		{DD21B04E-194F-4CF2-AC37-0CBA2863461D}.Release|Any CPU.Build.0 = Release|Any CPU
	EndGlobalSection
	GlobalSection(SolutionProperties) = preSolution
		HideSolutionNode = FALSE
	EndGlobalSection
	GlobalSection(ExtensibilityGlobals) = postSolution
		SolutionGuid = {047DBEB1-7534-420D-ADDE-5315ACAEE3AB}
	EndGlobalSection
EndGlobal
